{
  "name": "nitro",
  "version": "0.1.0",
  "lockfileVersion": 3,
  "requires": true,
  "packages": {
    "": {
      "name": "nitro",
      "version": "0.1.0",
      "dependencies": {
        "@clerk/nextjs": "^6.14.3",
        "@radix-ui/react-slot": "^1.2.0",
        "class-variance-authority": "^0.7.1",
        "clsx": "^2.1.1",
        "cobe": "^0.6.3",
        "framer-motion": "^12.6.5",
        "lucide-react": "^0.487.0",
        "next": "15.3.0",
        "next-themes": "^0.4.6",
        "react": "^19.0.0",
        "react-dom": "^19.0.0",
        "tailwind-merge": "^3.2.0",
        "tw-animate-css": "^1.2.5"
      },
      "devDependencies": {
        "@tailwindcss/postcss": "^4",
        "@types/node": "^20",
        "@types/react": "^19",
        "@types/react-dom": "^19",
        "tailwindcss": "^4",
        "typescript": "^5"
      }
    },
    "node_modules/@alloc/quick-lru": {
      "version": "5.2.0",
      "dev": true,
      "license": "MIT",
      "engines": {
        "node": ">=10"
      },
      "funding": {
        "url": "https://github.com/sponsors/sindresorhus"
      }
    },
    "node_modules/@clerk/backend": {
      "version": "1.27.3",
      "resolved": "https://registry.npmjs.org/@clerk/backend/-/backend-1.27.3.tgz",
      "integrity": "sha512-Epuhej19VcBnPfDenQoDvj+MpExs/OhJRsFM0jM1TmTt75tE6UFJwJHD5byAPX0TuGvncHKqv5FjcuPEF8zu5Q==",
      "license": "MIT",
      "dependencies": {
        "@clerk/shared": "^3.6.0",
        "@clerk/types": "^4.53.0",
        "cookie": "1.0.2",
        "snakecase-keys": "8.0.1",
        "tslib": "2.8.1"
      },
      "engines": {
        "node": ">=18.17.0"
      },
      "peerDependencies": {
        "svix": "^1.62.0"
      },
      "peerDependenciesMeta": {
        "svix": {
          "optional": true
        }
      }
    },
    "node_modules/@clerk/clerk-react": {
      "version": "5.27.0",
      "resolved": "https://registry.npmjs.org/@clerk/clerk-react/-/clerk-react-5.27.0.tgz",
      "integrity": "sha512-OD6ZYREAtlxVLUgGJu1S6A6kUzXKo9VX+x5ZlGWjdPqfxXdrlFx7n8WqgJKREOGV8f20DcuphNCnBdLzbRCvHg==",
      "license": "MIT",
      "dependencies": {
        "@clerk/shared": "^3.6.0",
        "@clerk/types": "^4.53.0",
        "tslib": "2.8.1"
      },
      "engines": {
        "node": ">=18.17.0"
      },
      "peerDependencies": {
        "react": "^18.0.0 || ^19.0.0 || ^19.0.0-0",
        "react-dom": "^18.0.0 || ^19.0.0 || ^19.0.0-0"
      }
    },
    "node_modules/@clerk/nextjs": {
      "version": "6.14.3",
      "resolved": "https://registry.npmjs.org/@clerk/nextjs/-/nextjs-6.14.3.tgz",
      "integrity": "sha512-HMZPn8Rv9waatoKihH0HcRjiZKzTO1OmrZxkFdFwbLlyQBeOYe5u85qgTZR0elvIp6zD5kGjj+l3b6HVLqrMrw==",
      "license": "MIT",
      "dependencies": {
        "@clerk/backend": "^1.27.3",
        "@clerk/clerk-react": "^5.27.0",
        "@clerk/shared": "^3.6.0",
        "@clerk/types": "^4.53.0",
        "server-only": "0.0.1",
        "tslib": "2.8.1"
      },
      "engines": {
        "node": ">=18.17.0"
      },
      "peerDependencies": {
        "next": "^13.5.7 || ^14.2.25 || ^15.2.3",
        "react": "^18.0.0 || ^19.0.0 || ^19.0.0-0",
        "react-dom": "^18.0.0 || ^19.0.0 || ^19.0.0-0"
      }
    },
    "node_modules/@clerk/shared": {
      "version": "3.6.0",
      "resolved": "https://registry.npmjs.org/@clerk/shared/-/shared-3.6.0.tgz",
      "integrity": "sha512-rAbXmwXTgexye+og4iFyfyzve3is5TQL03n5k0K3qEbH7TjxUx5MbHpdTg1zRhNvrzwxpxJmcduoOuyQh1W9DA==",
      "hasInstallScript": true,
      "license": "MIT",
      "dependencies": {
        "@clerk/types": "^4.53.0",
        "dequal": "2.0.3",
        "glob-to-regexp": "0.4.1",
        "js-cookie": "3.0.5",
        "std-env": "^3.8.1",
        "swr": "^2.3.3"
      },
      "engines": {
        "node": ">=18.17.0"
      },
      "peerDependencies": {
        "react": "^18.0.0 || ^19.0.0 || ^19.0.0-0",
        "react-dom": "^18.0.0 || ^19.0.0 || ^19.0.0-0"
      },
      "peerDependenciesMeta": {
        "react": {
          "optional": true
        },
        "react-dom": {
          "optional": true
        }
      }
    },
    "node_modules/@clerk/types": {
      "version": "4.53.0",
      "resolved": "https://registry.npmjs.org/@clerk/types/-/types-4.53.0.tgz",
      "integrity": "sha512-MkJckVDQtxPK9WTbPZugsqO5dbatiX1uCtSdu4b16OKtt0adZSXX72RKQLKdRfcP/eIbijruBMrGIuZR9qLEeQ==",
      "license": "MIT",
      "dependencies": {
        "csstype": "3.1.3"
      },
      "engines": {
        "node": ">=18.17.0"
      }
    },
    "node_modules/@img/sharp-darwin-arm64": {
      "version": "0.34.1",
      "cpu": [
        "arm64"
      ],
      "license": "Apache-2.0",
      "optional": true,
      "os": [
        "darwin"
      ],
      "engines": {
        "node": "^18.17.0 || ^20.3.0 || >=21.0.0"
      },
      "funding": {
        "url": "https://opencollective.com/libvips"
      },
      "optionalDependencies": {
        "@img/sharp-libvips-darwin-arm64": "1.1.0"
      }
    },
    "node_modules/@img/sharp-libvips-darwin-arm64": {
      "version": "1.1.0",
      "cpu": [
        "arm64"
      ],
      "license": "LGPL-3.0-or-later",
      "optional": true,
      "os": [
        "darwin"
      ],
      "funding": {
        "url": "https://opencollective.com/libvips"
      }
    },
    "node_modules/@next/env": {
      "version": "15.3.0",
      "license": "MIT"
    },
    "node_modules/@next/swc-darwin-arm64": {
      "version": "15.3.0",
      "cpu": [
        "arm64"
      ],
      "license": "MIT",
      "optional": true,
      "os": [
        "darwin"
      ],
      "engines": {
        "node": ">= 10"
      }
    },
    "node_modules/@next/swc-darwin-x64": {
      "version": "15.3.0",
      "resolved": "https://registry.npmjs.org/@next/swc-darwin-x64/-/swc-darwin-x64-15.3.0.tgz",
      "integrity": "sha512-m+eO21yg80En8HJ5c49AOQpFDq+nP51nu88ZOMCorvw3g//8g1JSUsEiPSiFpJo1KCTQ+jm9H0hwXK49H/RmXg==",
      "cpu": [
        "x64"
      ],
      "optional": true,
      "os": [
        "darwin"
      ],
      "engines": {
        "node": ">= 10"
      }
    },
    "node_modules/@next/swc-linux-arm64-gnu": {
      "version": "15.3.0",
      "resolved": "https://registry.npmjs.org/@next/swc-linux-arm64-gnu/-/swc-linux-arm64-gnu-15.3.0.tgz",
      "integrity": "sha512-H0Kk04ZNzb6Aq/G6e0un4B3HekPnyy6D+eUBYPJv9Abx8KDYgNMWzKt4Qhj57HXV3sTTjsfc1Trc1SxuhQB+Tg==",
      "cpu": [
        "arm64"
      ],
      "optional": true,
      "os": [
        "linux"
      ],
      "engines": {
        "node": ">= 10"
      }
    },
    "node_modules/@next/swc-linux-arm64-musl": {
      "version": "15.3.0",
      "resolved": "https://registry.npmjs.org/@next/swc-linux-arm64-musl/-/swc-linux-arm64-musl-15.3.0.tgz",
      "integrity": "sha512-k8GVkdMrh/+J9uIv/GpnHakzgDQhrprJ/FbGQvwWmstaeFG06nnAoZCJV+wO/bb603iKV1BXt4gHG+s2buJqZA==",
      "cpu": [
        "arm64"
      ],
      "optional": true,
      "os": [
        "linux"
      ],
      "engines": {
        "node": ">= 10"
      }
    },
    "node_modules/@next/swc-linux-x64-gnu": {
      "version": "15.3.0",
      "resolved": "https://registry.npmjs.org/@next/swc-linux-x64-gnu/-/swc-linux-x64-gnu-15.3.0.tgz",
      "integrity": "sha512-ZMQ9yzDEts/vkpFLRAqfYO1wSpIJGlQNK9gZ09PgyjBJUmg8F/bb8fw2EXKgEaHbCc4gmqMpDfh+T07qUphp9A==",
      "cpu": [
        "x64"
      ],
      "optional": true,
      "os": [
        "linux"
      ],
      "engines": {
        "node": ">= 10"
      }
    },
    "node_modules/@next/swc-linux-x64-musl": {
      "version": "15.3.0",
      "resolved": "https://registry.npmjs.org/@next/swc-linux-x64-musl/-/swc-linux-x64-musl-15.3.0.tgz",
      "integrity": "sha512-RFwq5VKYTw9TMr4T3e5HRP6T4RiAzfDJ6XsxH8j/ZeYq2aLsBqCkFzwMI0FmnSsLaUbOb46Uov0VvN3UciHX5A==",
      "cpu": [
        "x64"
      ],
      "optional": true,
      "os": [
        "linux"
      ],
      "engines": {
        "node": ">= 10"
      }
    },
    "node_modules/@next/swc-win32-arm64-msvc": {
      "version": "15.3.0",
      "resolved": "https://registry.npmjs.org/@next/swc-win32-arm64-msvc/-/swc-win32-arm64-msvc-15.3.0.tgz",
      "integrity": "sha512-a7kUbqa/k09xPjfCl0RSVAvEjAkYBYxUzSVAzk2ptXiNEL+4bDBo9wNC43G/osLA/EOGzG4CuNRFnQyIHfkRgQ==",
      "cpu": [
        "arm64"
      ],
      "optional": true,
      "os": [
        "win32"
      ],
      "engines": {
        "node": ">= 10"
      }
    },
    "node_modules/@next/swc-win32-x64-msvc": {
      "version": "15.3.0",
      "resolved": "https://registry.npmjs.org/@next/swc-win32-x64-msvc/-/swc-win32-x64-msvc-15.3.0.tgz",
      "integrity": "sha512-vHUQS4YVGJPmpjn7r5lEZuMhK5UQBNBRSB+iGDvJjaNk649pTIcRluDWNb9siunyLLiu/LDPHfvxBtNamyuLTw==",
      "cpu": [
        "x64"
      ],
      "optional": true,
      "os": [
        "win32"
      ],
      "engines": {
        "node": ">= 10"
      }
    },
    "node_modules/@radix-ui/react-compose-refs": {
      "version": "1.1.2",
      "resolved": "https://registry.npmjs.org/@radix-ui/react-compose-refs/-/react-compose-refs-1.1.2.tgz",
      "integrity": "sha512-z4eqJvfiNnFMHIIvXP3CY57y2WJs5g2v3X0zm9mEJkrkNv4rDxu+sg9Jh8EkXyeqBkB7SOcboo9dMVqhyrACIg==",
      "license": "MIT",
      "peerDependencies": {
        "@types/react": "*",
        "react": "^16.8 || ^17.0 || ^18.0 || ^19.0 || ^19.0.0-rc"
      },
      "peerDependenciesMeta": {
        "@types/react": {
          "optional": true
        }
      }
    },
    "node_modules/@radix-ui/react-slot": {
      "version": "1.2.0",
      "resolved": "https://registry.npmjs.org/@radix-ui/react-slot/-/react-slot-1.2.0.tgz",
      "integrity": "sha512-ujc+V6r0HNDviYqIK3rW4ffgYiZ8g5DEHrGJVk4x7kTlLXRDILnKX9vAUYeIsLOoDpDJ0ujpqMkjH4w2ofuo6w==",
      "license": "MIT",
      "dependencies": {
        "@radix-ui/react-compose-refs": "1.1.2"
      },
      "peerDependencies": {
        "@types/react": "*",
        "react": "^16.8 || ^17.0 || ^18.0 || ^19.0 || ^19.0.0-rc"
      },
      "peerDependenciesMeta": {
        "@types/react": {
          "optional": true
        }
      }
    },
    "node_modules/@swc/counter": {
      "version": "0.1.3",
      "license": "Apache-2.0"
    },
    "node_modules/@swc/helpers": {
      "version": "0.5.15",
      "license": "Apache-2.0",
      "dependencies": {
        "tslib": "^2.8.0"
      }
    },
    "node_modules/@tailwindcss/node": {
      "version": "4.1.3",
      "dev": true,
      "license": "MIT",
      "dependencies": {
        "enhanced-resolve": "^5.18.1",
        "jiti": "^2.4.2",
        "lightningcss": "1.29.2",
        "tailwindcss": "4.1.3"
      }
    },
    "node_modules/@tailwindcss/oxide": {
      "version": "4.1.3",
      "dev": true,
      "license": "MIT",
      "engines": {
        "node": ">= 10"
      },
      "optionalDependencies": {
        "@tailwindcss/oxide-android-arm64": "4.1.3",
        "@tailwindcss/oxide-darwin-arm64": "4.1.3",
        "@tailwindcss/oxide-darwin-x64": "4.1.3",
        "@tailwindcss/oxide-freebsd-x64": "4.1.3",
        "@tailwindcss/oxide-linux-arm-gnueabihf": "4.1.3",
        "@tailwindcss/oxide-linux-arm64-gnu": "4.1.3",
        "@tailwindcss/oxide-linux-arm64-musl": "4.1.3",
        "@tailwindcss/oxide-linux-x64-gnu": "4.1.3",
        "@tailwindcss/oxide-linux-x64-musl": "4.1.3",
        "@tailwindcss/oxide-win32-arm64-msvc": "4.1.3",
        "@tailwindcss/oxide-win32-x64-msvc": "4.1.3"
      }
    },
    "node_modules/@tailwindcss/oxide-darwin-arm64": {
      "version": "4.1.3",
      "cpu": [
        "arm64"
      ],
      "dev": true,
      "license": "MIT",
      "optional": true,
      "os": [
        "darwin"
      ],
      "engines": {
        "node": ">= 10"
      }
    },
    "node_modules/@tailwindcss/postcss": {
      "version": "4.1.3",
      "dev": true,
      "license": "MIT",
      "dependencies": {
        "@alloc/quick-lru": "^5.2.0",
        "@tailwindcss/node": "4.1.3",
        "@tailwindcss/oxide": "4.1.3",
        "postcss": "^8.4.41",
        "tailwindcss": "4.1.3"
      }
    },
    "node_modules/@types/node": {
      "version": "20.17.30",
      "dev": true,
      "license": "MIT",
      "dependencies": {
        "undici-types": "~6.19.2"
      }
    },
    "node_modules/@types/react": {
      "version": "19.1.1",
      "devOptional": true,
      "license": "MIT",
      "dependencies": {
        "csstype": "^3.0.2"
      }
    },
    "node_modules/@types/react-dom": {
      "version": "19.1.2",
      "dev": true,
      "license": "MIT",
      "peerDependencies": {
        "@types/react": "^19.0.0"
      }
    },
    "node_modules/busboy": {
      "version": "1.6.0",
      "dependencies": {
        "streamsearch": "^1.1.0"
      },
      "engines": {
        "node": ">=10.16.0"
      }
    },
    "node_modules/caniuse-lite": {
      "version": "1.0.30001713",
      "funding": [
        {
          "type": "opencollective",
          "url": "https://opencollective.com/browserslist"
        },
        {
          "type": "tidelift",
          "url": "https://tidelift.com/funding/github/npm/caniuse-lite"
        },
        {
          "type": "github",
          "url": "https://github.com/sponsors/ai"
        }
      ],
      "license": "CC-BY-4.0"
    },
    "node_modules/class-variance-authority": {
      "version": "0.7.1",
      "license": "Apache-2.0",
      "dependencies": {
        "clsx": "^2.1.1"
      },
      "funding": {
        "url": "https://polar.sh/cva"
      }
    },
    "node_modules/client-only": {
      "version": "0.0.1",
      "license": "MIT"
    },
    "node_modules/clsx": {
      "version": "2.1.1",
      "license": "MIT",
      "engines": {
        "node": ">=6"
      }
    },
    "node_modules/cobe": {
      "version": "0.6.3",
      "license": "MIT",
      "dependencies": {
        "phenomenon": "^1.6.0"
      }
    },
    "node_modules/color": {
      "version": "4.2.3",
      "license": "MIT",
      "optional": true,
      "dependencies": {
        "color-convert": "^2.0.1",
        "color-string": "^1.9.0"
      },
      "engines": {
        "node": ">=12.5.0"
      }
    },
    "node_modules/color-convert": {
      "version": "2.0.1",
      "license": "MIT",
      "optional": true,
      "dependencies": {
        "color-name": "~1.1.4"
      },
      "engines": {
        "node": ">=7.0.0"
      }
    },
    "node_modules/color-name": {
      "version": "1.1.4",
      "license": "MIT",
      "optional": true
    },
    "node_modules/color-string": {
      "version": "1.9.1",
      "license": "MIT",
      "optional": true,
      "dependencies": {
        "color-name": "^1.0.0",
        "simple-swizzle": "^0.2.2"
      }
    },
    "node_modules/cookie": {
      "version": "1.0.2",
      "resolved": "https://registry.npmjs.org/cookie/-/cookie-1.0.2.tgz",
      "integrity": "sha512-9Kr/j4O16ISv8zBBhJoi4bXOYNTkFLOqSL3UDB0njXxCXNezjeyVrJyGOWtgfs/q2km1gwBcfH8q1yEGoMYunA==",
      "license": "MIT",
      "engines": {
        "node": ">=18"
      }
    },
    "node_modules/csstype": {
      "version": "3.1.3",
      "license": "MIT"
    },
    "node_modules/dequal": {
      "version": "2.0.3",
      "resolved": "https://registry.npmjs.org/dequal/-/dequal-2.0.3.tgz",
      "integrity": "sha512-0je+qPKHEMohvfRTCEo3CrPG6cAzAYgmzKyxRiYSSDkS6eGJdyVJm7WaYA5ECaAD9wLB2T4EEeymA5aFVcYXCA==",
      "license": "MIT",
      "engines": {
        "node": ">=6"
      }
    },
    "node_modules/detect-libc": {
      "version": "2.0.3",
      "devOptional": true,
      "license": "Apache-2.0",
      "engines": {
        "node": ">=8"
      }
    },
    "node_modules/dot-case": {
      "version": "3.0.4",
      "resolved": "https://registry.npmjs.org/dot-case/-/dot-case-3.0.4.tgz",
      "integrity": "sha512-Kv5nKlh6yRrdrGvxeJ2e5y2eRUpkUosIW4A2AS38zwSz27zu7ufDwQPi5Jhs3XAlGNetl3bmnGhQsMtkKJnj3w==",
      "license": "MIT",
      "dependencies": {
        "no-case": "^3.0.4",
        "tslib": "^2.0.3"
      }
    },
    "node_modules/enhanced-resolve": {
      "version": "5.18.1",
      "dev": true,
      "license": "MIT",
      "dependencies": {
        "graceful-fs": "^4.2.4",
        "tapable": "^2.2.0"
      },
      "engines": {
        "node": ">=10.13.0"
      }
    },
    "node_modules/framer-motion": {
      "version": "12.6.5",
      "resolved": "https://registry.npmjs.org/framer-motion/-/framer-motion-12.6.5.tgz",
      "integrity": "sha512-MKvnWov0paNjvRJuIy6x418w23tFqRfS6CXHhZrCiSEpXVlo/F+usr8v4/3G6O0u7CpsaO1qop+v4Ip7PRCBqQ==",
      "license": "MIT",
      "dependencies": {
        "motion-dom": "^12.6.5",
        "motion-utils": "^12.6.5",
        "tslib": "^2.4.0"
      },
      "peerDependencies": {
        "@emotion/is-prop-valid": "*",
        "react": "^18.0.0 || ^19.0.0",
        "react-dom": "^18.0.0 || ^19.0.0"
      },
      "peerDependenciesMeta": {
        "@emotion/is-prop-valid": {
          "optional": true
        },
        "react": {
          "optional": true
        },
        "react-dom": {
          "optional": true
        }
      }
    },
    "node_modules/glob-to-regexp": {
      "version": "0.4.1",
      "resolved": "https://registry.npmjs.org/glob-to-regexp/-/glob-to-regexp-0.4.1.tgz",
      "integrity": "sha512-lkX1HJXwyMcprw/5YUZc2s7DrpAiHB21/V+E1rHUrVNokkvB6bqMzT0VfV6/86ZNabt1k14YOIaT7nDvOX3Iiw==",
      "license": "BSD-2-Clause"
    },
    "node_modules/graceful-fs": {
      "version": "4.2.11",
      "dev": true,
      "license": "ISC"
    },
    "node_modules/is-arrayish": {
      "version": "0.3.2",
      "license": "MIT",
      "optional": true
    },
    "node_modules/jiti": {
      "version": "2.4.2",
      "dev": true,
      "license": "MIT",
      "bin": {
        "jiti": "lib/jiti-cli.mjs"
      }
    },
    "node_modules/js-cookie": {
      "version": "3.0.5",
      "resolved": "https://registry.npmjs.org/js-cookie/-/js-cookie-3.0.5.tgz",
      "integrity": "sha512-cEiJEAEoIbWfCZYKWhVwFuvPX1gETRYPw6LlaTKoxD3s2AkXzkCjnp6h0V77ozyqj0jakteJ4YqDJT830+lVGw==",
      "license": "MIT",
      "engines": {
        "node": ">=14"
      }
    },
    "node_modules/lightningcss": {
      "version": "1.29.2",
      "dev": true,
      "license": "MPL-2.0",
      "dependencies": {
        "detect-libc": "^2.0.3"
      },
      "engines": {
        "node": ">= 12.0.0"
      },
      "funding": {
        "type": "opencollective",
        "url": "https://opencollective.com/parcel"
      },
      "optionalDependencies": {
        "lightningcss-darwin-arm64": "1.29.2",
        "lightningcss-darwin-x64": "1.29.2",
        "lightningcss-freebsd-x64": "1.29.2",
        "lightningcss-linux-arm-gnueabihf": "1.29.2",
        "lightningcss-linux-arm64-gnu": "1.29.2",
        "lightningcss-linux-arm64-musl": "1.29.2",
        "lightningcss-linux-x64-gnu": "1.29.2",
        "lightningcss-linux-x64-musl": "1.29.2",
        "lightningcss-win32-arm64-msvc": "1.29.2",
        "lightningcss-win32-x64-msvc": "1.29.2"
      }
    },
    "node_modules/lightningcss-darwin-arm64": {
      "version": "1.29.2",
      "cpu": [
        "arm64"
      ],
      "dev": true,
      "license": "MPL-2.0",
      "optional": true,
      "os": [
        "darwin"
      ],
      "engines": {
        "node": ">= 12.0.0"
      },
      "funding": {
        "type": "opencollective",
        "url": "https://opencollective.com/parcel"
      }
    },
    "node_modules/lower-case": {
      "version": "2.0.2",
      "resolved": "https://registry.npmjs.org/lower-case/-/lower-case-2.0.2.tgz",
      "integrity": "sha512-7fm3l3NAF9WfN6W3JOmf5drwpVqX78JtoGJ3A6W0a6ZnldM41w2fV5D490psKFTpMds8TJse/eHLFFsNHHjHgg==",
      "license": "MIT",
      "dependencies": {
        "tslib": "^2.0.3"
      }
    },
    "node_modules/lucide-react": {
      "version": "0.487.0",
      "license": "ISC",
      "peerDependencies": {
        "react": "^16.5.1 || ^17.0.0 || ^18.0.0 || ^19.0.0"
      }
    },
    "node_modules/map-obj": {
      "version": "4.3.0",
      "resolved": "https://registry.npmjs.org/map-obj/-/map-obj-4.3.0.tgz",
      "integrity": "sha512-hdN1wVrZbb29eBGiGjJbeP8JbKjq1urkHJ/LIP/NY48MZ1QVXUsQBV1G1zvYFHn1XE06cwjBsOI2K3Ulnj1YXQ==",
      "license": "MIT",
      "engines": {
        "node": ">=8"
      },
      "funding": {
        "url": "https://github.com/sponsors/sindresorhus"
      }
    },
    "node_modules/motion-dom": {
      "version": "12.6.5",
      "resolved": "https://registry.npmjs.org/motion-dom/-/motion-dom-12.6.5.tgz",
      "integrity": "sha512-jpM9TQLXzYMWMJ7Ec7sAj0iis8oIuu6WvjI3yNKJLdrZyrsI/b2cRInDVL8dCl683zQQq19DpL9cSMP+k8T1NA==",
      "license": "MIT",
      "dependencies": {
        "motion-utils": "^12.6.5"
      }
    },
    "node_modules/motion-utils": {
      "version": "12.6.5",
      "resolved": "https://registry.npmjs.org/motion-utils/-/motion-utils-12.6.5.tgz",
      "integrity": "sha512-IsOeKsOF+FWBhxQEDFBO6ZYC8/jlidmVbbLpe9/lXSA9j9kzGIMUuIBx2SZY+0reAS0DjZZ1i7dJp4NHrjocPw==",
      "license": "MIT"
    },
    "node_modules/nanoid": {
      "version": "3.3.11",
      "funding": [
        {
          "type": "github",
          "url": "https://github.com/sponsors/ai"
        }
      ],
      "license": "MIT",
      "bin": {
        "nanoid": "bin/nanoid.cjs"
      },
      "engines": {
        "node": "^10 || ^12 || ^13.7 || ^14 || >=15.0.1"
      }
    },
    "node_modules/next": {
      "version": "15.3.0",
      "license": "MIT",
      "dependencies": {
        "@next/env": "15.3.0",
        "@swc/counter": "0.1.3",
        "@swc/helpers": "0.5.15",
        "busboy": "1.6.0",
        "caniuse-lite": "^1.0.30001579",
        "postcss": "8.4.31",
        "styled-jsx": "5.1.6"
      },
      "bin": {
        "next": "dist/bin/next"
      },
      "engines": {
        "node": "^18.18.0 || ^19.8.0 || >= 20.0.0"
      },
      "optionalDependencies": {
        "@next/swc-darwin-arm64": "15.3.0",
        "@next/swc-darwin-x64": "15.3.0",
        "@next/swc-linux-arm64-gnu": "15.3.0",
        "@next/swc-linux-arm64-musl": "15.3.0",
        "@next/swc-linux-x64-gnu": "15.3.0",
        "@next/swc-linux-x64-musl": "15.3.0",
        "@next/swc-win32-arm64-msvc": "15.3.0",
        "@next/swc-win32-x64-msvc": "15.3.0",
        "sharp": "^0.34.1"
      },
      "peerDependencies": {
        "@opentelemetry/api": "^1.1.0",
        "@playwright/test": "^1.41.2",
        "babel-plugin-react-compiler": "*",
        "react": "^18.2.0 || 19.0.0-rc-de68d2f4-20241204 || ^19.0.0",
        "react-dom": "^18.2.0 || 19.0.0-rc-de68d2f4-20241204 || ^19.0.0",
        "sass": "^1.3.0"
      },
      "peerDependenciesMeta": {
        "@opentelemetry/api": {
          "optional": true
        },
        "@playwright/test": {
          "optional": true
        },
        "babel-plugin-react-compiler": {
          "optional": true
        },
        "sass": {
          "optional": true
        }
      }
    },
    "node_modules/next-themes": {
      "version": "0.4.6",
      "license": "MIT",
      "peerDependencies": {
        "react": "^16.8 || ^17 || ^18 || ^19 || ^19.0.0-rc",
        "react-dom": "^16.8 || ^17 || ^18 || ^19 || ^19.0.0-rc"
      }
    },
    "node_modules/next/node_modules/postcss": {
      "version": "8.4.31",
      "funding": [
        {
          "type": "opencollective",
          "url": "https://opencollective.com/postcss/"
        },
        {
          "type": "tidelift",
          "url": "https://tidelift.com/funding/github/npm/postcss"
        },
        {
          "type": "github",
          "url": "https://github.com/sponsors/ai"
        }
      ],
      "license": "MIT",
      "dependencies": {
        "nanoid": "^3.3.6",
        "picocolors": "^1.0.0",
        "source-map-js": "^1.0.2"
      },
      "engines": {
        "node": "^10 || ^12 || >=14"
      }
    },
    "node_modules/no-case": {
      "version": "3.0.4",
      "resolved": "https://registry.npmjs.org/no-case/-/no-case-3.0.4.tgz",
      "integrity": "sha512-fgAN3jGAh+RoxUGZHTSOLJIqUc2wmoBwGR4tbpNAKmmovFoWq0OdRkb0VkldReO2a2iBT/OEulG9XSUc10r3zg==",
      "license": "MIT",
      "dependencies": {
        "lower-case": "^2.0.2",
        "tslib": "^2.0.3"
      }
    },
    "node_modules/phenomenon": {
      "version": "1.6.0",
      "license": "MIT"
    },
    "node_modules/picocolors": {
      "version": "1.1.1",
      "license": "ISC"
    },
    "node_modules/postcss": {
      "version": "8.5.3",
      "dev": true,
      "funding": [
        {
          "type": "opencollective",
          "url": "https://opencollective.com/postcss/"
        },
        {
          "type": "tidelift",
          "url": "https://tidelift.com/funding/github/npm/postcss"
        },
        {
          "type": "github",
          "url": "https://github.com/sponsors/ai"
        }
      ],
      "license": "MIT",
      "dependencies": {
        "nanoid": "^3.3.8",
        "picocolors": "^1.1.1",
        "source-map-js": "^1.2.1"
      },
      "engines": {
        "node": "^10 || ^12 || >=14"
      }
    },
    "node_modules/react": {
      "version": "19.1.0",
      "license": "MIT",
      "engines": {
        "node": ">=0.10.0"
      }
    },
    "node_modules/react-dom": {
      "version": "19.1.0",
      "license": "MIT",
      "dependencies": {
        "scheduler": "^0.26.0"
      },
      "peerDependencies": {
        "react": "^19.1.0"
      }
    },
    "node_modules/scheduler": {
      "version": "0.26.0",
      "license": "MIT"
    },
    "node_modules/semver": {
      "version": "7.7.1",
      "license": "ISC",
      "optional": true,
      "bin": {
        "semver": "bin/semver.js"
      },
      "engines": {
        "node": ">=10"
      }
    },
    "node_modules/server-only": {
      "version": "0.0.1",
      "resolved": "https://registry.npmjs.org/server-only/-/server-only-0.0.1.tgz",
      "integrity": "sha512-qepMx2JxAa5jjfzxG79yPPq+8BuFToHd1hm7kI+Z4zAq1ftQiP7HcxMhDDItrbtwVeLg/cY2JnKnrcFkmiswNA==",
      "license": "MIT"
    },
    "node_modules/sharp": {
      "version": "0.34.1",
      "hasInstallScript": true,
      "license": "Apache-2.0",
      "optional": true,
      "dependencies": {
        "color": "^4.2.3",
        "detect-libc": "^2.0.3",
        "semver": "^7.7.1"
      },
      "engines": {
        "node": "^18.17.0 || ^20.3.0 || >=21.0.0"
      },
      "funding": {
        "url": "https://opencollective.com/libvips"
      },
      "optionalDependencies": {
        "@img/sharp-darwin-arm64": "0.34.1",
        "@img/sharp-darwin-x64": "0.34.1",
        "@img/sharp-libvips-darwin-arm64": "1.1.0",
        "@img/sharp-libvips-darwin-x64": "1.1.0",
        "@img/sharp-libvips-linux-arm": "1.1.0",
        "@img/sharp-libvips-linux-arm64": "1.1.0",
        "@img/sharp-libvips-linux-ppc64": "1.1.0",
        "@img/sharp-libvips-linux-s390x": "1.1.0",
        "@img/sharp-libvips-linux-x64": "1.1.0",
        "@img/sharp-libvips-linuxmusl-arm64": "1.1.0",
        "@img/sharp-libvips-linuxmusl-x64": "1.1.0",
        "@img/sharp-linux-arm": "0.34.1",
        "@img/sharp-linux-arm64": "0.34.1",
        "@img/sharp-linux-s390x": "0.34.1",
        "@img/sharp-linux-x64": "0.34.1",
        "@img/sharp-linuxmusl-arm64": "0.34.1",
        "@img/sharp-linuxmusl-x64": "0.34.1",
        "@img/sharp-wasm32": "0.34.1",
        "@img/sharp-win32-ia32": "0.34.1",
        "@img/sharp-win32-x64": "0.34.1"
      }
    },
    "node_modules/simple-swizzle": {
      "version": "0.2.2",
      "license": "MIT",
      "optional": true,
      "dependencies": {
        "is-arrayish": "^0.3.1"
      }
    },
    "node_modules/snake-case": {
      "version": "3.0.4",
      "resolved": "https://registry.npmjs.org/snake-case/-/snake-case-3.0.4.tgz",
      "integrity": "sha512-LAOh4z89bGQvl9pFfNF8V146i7o7/CqFPbqzYgP+yYzDIDeS9HaNFtXABamRW+AQzEVODcvE79ljJ+8a9YSdMg==",
      "license": "MIT",
      "dependencies": {
        "dot-case": "^3.0.4",
        "tslib": "^2.0.3"
      }
    },
    "node_modules/snakecase-keys": {
      "version": "8.0.1",
      "resolved": "https://registry.npmjs.org/snakecase-keys/-/snakecase-keys-8.0.1.tgz",
      "integrity": "sha512-Sj51kE1zC7zh6TDlNNz0/Jn1n5HiHdoQErxO8jLtnyrkJW/M5PrI7x05uDgY3BO7OUQYKCvmeMurW6BPUdwEOw==",
      "license": "MIT",
      "dependencies": {
        "map-obj": "^4.1.0",
        "snake-case": "^3.0.4",
        "type-fest": "^4.15.0"
      },
      "engines": {
        "node": ">=18"
      }
    },
    "node_modules/source-map-js": {
      "version": "1.2.1",
      "license": "BSD-3-Clause",
      "engines": {
        "node": ">=0.10.0"
      }
    },
    "node_modules/std-env": {
      "version": "3.9.0",
      "resolved": "https://registry.npmjs.org/std-env/-/std-env-3.9.0.tgz",
      "integrity": "sha512-UGvjygr6F6tpH7o2qyqR6QYpwraIjKSdtzyBdyytFOHmPZY917kwdwLG0RbOjWOnKmnm3PeHjaoLLMie7kPLQw==",
      "license": "MIT"
    },
    "node_modules/streamsearch": {
      "version": "1.1.0",
      "engines": {
        "node": ">=10.0.0"
      }
    },
    "node_modules/styled-jsx": {
      "version": "5.1.6",
      "license": "MIT",
      "dependencies": {
        "client-only": "0.0.1"
      },
      "engines": {
        "node": ">= 12.0.0"
      },
      "peerDependencies": {
        "react": ">= 16.8.0 || 17.x.x || ^18.0.0-0 || ^19.0.0-0"
      },
      "peerDependenciesMeta": {
        "@babel/core": {
          "optional": true
        },
        "babel-plugin-macros": {
          "optional": true
        }
      }
    },
    "node_modules/swr": {
      "version": "2.3.3",
      "resolved": "https://registry.npmjs.org/swr/-/swr-2.3.3.tgz",
      "integrity": "sha512-dshNvs3ExOqtZ6kJBaAsabhPdHyeY4P2cKwRCniDVifBMoG/SVI7tfLWqPXriVspf2Rg4tPzXJTnwaihIeFw2A==",
      "license": "MIT",
      "dependencies": {
        "dequal": "^2.0.3",
        "use-sync-external-store": "^1.4.0"
      },
      "peerDependencies": {
        "react": "^16.11.0 || ^17.0.0 || ^18.0.0 || ^19.0.0"
      }
    },
    "node_modules/tailwind-merge": {
      "version": "3.2.0",
      "license": "MIT",
      "funding": {
        "type": "github",
        "url": "https://github.com/sponsors/dcastil"
      }
    },
    "node_modules/tailwindcss": {
      "version": "4.1.3",
      "dev": true,
      "license": "MIT"
    },
    "node_modules/tapable": {
      "version": "2.2.1",
      "dev": true,
      "license": "MIT",
      "engines": {
        "node": ">=6"
      }
    },
    "node_modules/tslib": {
      "version": "2.8.1",
      "license": "0BSD"
    },
    "node_modules/tw-animate-css": {
      "version": "1.2.5",
      "license": "MIT",
      "funding": {
        "url": "https://github.com/sponsors/Wombosvideo"
      }
    },
    "node_modules/type-fest": {
      "version": "4.39.1",
      "resolved": "https://registry.npmjs.org/type-fest/-/type-fest-4.39.1.tgz",
      "integrity": "sha512-uW9qzd66uyHYxwyVBYiwS4Oi0qZyUqwjU+Oevr6ZogYiXt99EOYtwvzMSLw1c3lYo2HzJsep/NB23iEVEgjG/w==",
      "license": "(MIT OR CC0-1.0)",
      "engines": {
        "node": ">=16"
      },
      "funding": {
        "url": "https://github.com/sponsors/sindresorhus"
      }
    },
    "node_modules/typescript": {
      "version": "5.8.3",
      "dev": true,
      "license": "Apache-2.0",
      "bin": {
        "tsc": "bin/tsc",
        "tsserver": "bin/tsserver"
      },
      "engines": {
        "node": ">=14.17"
      }
    },
    "node_modules/undici-types": {
      "version": "6.19.8",
      "dev": true,
      "license": "MIT"
    },
    "node_modules/use-sync-external-store": {
      "version": "1.5.0",
      "resolved": "https://registry.npmjs.org/use-sync-external-store/-/use-sync-external-store-1.5.0.tgz",
      "integrity": "sha512-Rb46I4cGGVBmjamjphe8L/UnvJD+uPPtTkNvX5mZgqdbavhI4EbgIWJiIHXJ8bc/i9EQGPRh4DwEURJ552Do0A==",
      "license": "MIT",
      "peerDependencies": {
        "react": "^16.8.0 || ^17.0.0 || ^18.0.0 || ^19.0.0"
      }
    }
  }
}
